
Microsoft Visual Studio Solution File, Format Version 12.00
# Visual Studio Version 17
VisualStudioVersion = 17.0.32014.148
MinimumVisualStudioVersion = 10.0.40219.1
Project("{2150E333-8FDC-42A3-9474-1A3956D46DE8}") = "Solution Items", "Solution Items", "{EEF09A92-D2CB-4107-A2D8-67FFC42DBC3E}"
	ProjectSection(SolutionItems) = preProject
		CODE_OF_CONDUCT.md = CODE_OF_CONDUCT.md
		Directory.Build.props = Directory.Build.props
		Directory.Build.targets = Directory.Build.targets
		.github\workflows\build.yml = .github\workflows\build.yml
		LICENSE = LICENSE
		README.md = README.md
		logo.jpg = logo.jpg
		logo.png = logo.png
	EndProjectSection
EndProject
Project("{2150E333-8FDC-42A3-9474-1A3956D46DE8}") = "src", "src", "{90721148-631D-47AB-845C-8472AE48BC89}"
EndProject
Project("{2150E333-8FDC-42A3-9474-1A3956D46DE8}") = "tests", "tests", "{8E88F39E-B2DF-4122-821F-0EECC7343773}"
EndProject
Project("{FAE04EC0-301F-11D3-BF4B-00C04F79EFBC}") = "Memoria", "src\Memoria\Memoria.csproj", "{1C87B8FB-2C9A-4F4D-8052-143209990BB2}"
EndProject
Project("{FAE04EC0-301F-11D3-BF4B-00C04F79EFBC}") = "OpenCqrs.Tests", "tests\OpenCqrs.Tests\OpenCqrs.Tests.csproj", "{329831D0-59DB-48B7-B83C-429969928B3C}"
EndProject
Project("{FAE04EC0-301F-11D3-BF4B-00C04F79EFBC}") = "OpenCqrs.EventSourcing.Store.EntityFrameworkCore", "src\OpenCqrs.EventSourcing.Store.EntityFrameworkCore\OpenCqrs.EventSourcing.Store.EntityFrameworkCore.csproj", "{BE446093-2B53-49DD-946C-C0CF377C3099}"
EndProject
Project("{FAE04EC0-301F-11D3-BF4B-00C04F79EFBC}") = "OpenCqrs.EventSourcing.Store.EntityFrameworkCore.Tests", "tests\OpenCqrs.EventSourcing.Store.EntityFrameworkCore.Tests\OpenCqrs.EventSourcing.Store.EntityFrameworkCore.Tests.csproj", "{207773D3-4028-4F76-A041-47FE5901CC0A}"
EndProject
Project("{FAE04EC0-301F-11D3-BF4B-00C04F79EFBC}") = "Memoria.EventSourcing", "src\Memoria.EventSourcing\Memoria.EventSourcing.csproj", "{814F9A66-1D1B-4F8E-9CA9-0D2E06AAD65F}"
EndProject
Project("{FAE04EC0-301F-11D3-BF4B-00C04F79EFBC}") = "OpenCqrs.EventSourcing.Store.EntityFrameworkCore.Identity", "src\OpenCqrs.EventSourcing.Store.EntityFrameworkCore.Identity\OpenCqrs.EventSourcing.Store.EntityFrameworkCore.Identity.csproj", "{E85BAC46-723D-4522-B7C4-A808C04DE658}"
EndProject
Project("{FAE04EC0-301F-11D3-BF4B-00C04F79EFBC}") = "Memoria.EventSourcing.Store.Cosmos", "src\Memoria.EventSourcing.Store.Cosmos\Memoria.EventSourcing.Store.Cosmos.csproj", "{0545A833-B9DF-4181-B33C-A27D0365A5D2}"
EndProject
Project("{2150E333-8FDC-42A3-9474-1A3956D46DE8}") = "docs", "docs", "{5442F24B-4F0C-4330-B09C-E9A880544691}"
	ProjectSection(SolutionItems) = preProject
		docs\Basics.md = docs\Basics.md
		docs\Commands.md = docs\Commands.md
		docs\Configuration.md = docs\Configuration.md
		docs\index.md = docs\index.md
		docs\Installation.md = docs\Installation.md
		docs\Queries.md = docs\Queries.md
		docs\Release-Notes.md = docs\Release-Notes.md
		docs\Event-Sourcing.md = docs\Event-Sourcing.md
		docs\Entity-Framework-Core.md = docs\Entity-Framework-Core.md
		docs\Cosmos.md = docs\Cosmos.md
		docs\Domain.md = docs\Domain.md
		docs\Notifications.md = docs\Notifications.md
		docs\Entity-Framework-Core-Extensions.md = docs\Entity-Framework-Core-Extensions.md
		docs\Store-Providers.md = docs\Store-Providers.md
		docs\Domain-Service.md = docs\Domain-Service.md
		docs\Event-Sourcing-Scenarios.md = docs\Event-Sourcing-Scenarios.md
		docs\Entity-Framework-Core-Scenarios.md = docs\Entity-Framework-Core-Scenarios.md
	EndProjectSection
EndProject
Project("{FAE04EC0-301F-11D3-BF4B-00C04F79EFBC}") = "OpenCqrs.Examples.EventSourcing.EntityFrameworkCore", "examples\OpenCqrs.Examples.EventSourcing.EntityFrameworkCore\OpenCqrs.Examples.EventSourcing.EntityFrameworkCore.csproj", "{6379279E-932F-41F3-BEFD-7FC432FB7E1F}"
EndProject
Project("{2150E333-8FDC-42A3-9474-1A3956D46DE8}") = "examples", "examples", "{DFBB5E4C-0C58-497D-A013-0DC8312B7192}"
EndProject
Project("{FAE04EC0-301F-11D3-BF4B-00C04F79EFBC}") = "OpenCqrs.Validation.FluentValidation.Tests", "tests\OpenCqrs.Validation.FluentValidation.Tests\OpenCqrs.Validation.FluentValidation.Tests.csproj", "{22A820BB-DE18-4E53-88B8-C4CEF155A92B}"
EndProject
Project("{FAE04EC0-301F-11D3-BF4B-00C04F79EFBC}") = "OpenCqrs.Messaging.RabbitMq", "src\OpenCqrs.Messaging.RabbitMq\OpenCqrs.Messaging.RabbitMq.csproj", "{744D2845-3DF6-4132-BE50-4C5D676C3A27}"
EndProject
Project("{FAE04EC0-301F-11D3-BF4B-00C04F79EFBC}") = "OpenCqrs.Messaging.ServiceBus", "src\OpenCqrs.Messaging.ServiceBus\OpenCqrs.Messaging.ServiceBus.csproj", "{FD3E4A49-AF1B-4C08-9C36-85633677FF9B}"
EndProject
Project("{FAE04EC0-301F-11D3-BF4B-00C04F79EFBC}") = "OpenCqrs.Validation.FluentValidation", "src\OpenCqrs.Validation.FluentValidation\OpenCqrs.Validation.FluentValidation.csproj", "{453AB943-8F9D-40A3-B6E1-F99C35B10C9A}"
EndProject
Project("{FAE04EC0-301F-11D3-BF4B-00C04F79EFBC}") = "OpenCqrs.Messaging.RabbitMq.Tests", "tests\OpenCqrs.Messaging.RabbitMq.Tests\OpenCqrs.Messaging.RabbitMq.Tests.csproj", "{9D967871-A77B-4875-95ED-2C57FF6D0098}"
EndProject
Project("{FAE04EC0-301F-11D3-BF4B-00C04F79EFBC}") = "OpenCqrs.Messaging.ServiceBus.Tests", "tests\OpenCqrs.Messaging.ServiceBus.Tests\OpenCqrs.Messaging.ServiceBus.Tests.csproj", "{B4D67082-4D10-4B6A-B50C-A01D59CD74CA}"
EndProject
Project("{FAE04EC0-301F-11D3-BF4B-00C04F79EFBC}") = "OpenCqrs.Examples.Messaging.ServiceBus", "examples\OpenCqrs.Examples.Messaging.ServiceBus\OpenCqrs.Examples.Messaging.ServiceBus.csproj", "{A829777C-D893-408C-B8D2-186957147AD5}"
EndProject
Project("{FAE04EC0-301F-11D3-BF4B-00C04F79EFBC}") = "OpenCqrs.EventSourcing.Store.Cosmos.Tests", "tests\OpenCqrs.EventSourcing.Store.Cosmos.Tests\OpenCqrs.EventSourcing.Store.Cosmos.Tests.csproj", "{F435C0FA-A545-4455-BED5-835C18E75D0D}"
EndProject
Project("{FAE04EC0-301F-11D3-BF4B-00C04F79EFBC}") = "OpenCqrs.Examples.Messaging.RabbitMq", "examples\OpenCqrs.Examples.Messaging.RabbitMq\OpenCqrs.Examples.Messaging.RabbitMq.csproj", "{9E9B2583-D31F-448A-8176-0423ADFC003C}"
EndProject
Project("{FAE04EC0-301F-11D3-BF4B-00C04F79EFBC}") = "Memoria.Caching.Memory", "src\Memoria.Caching.Memory\Memoria.Caching.Memory.csproj", "{45885E26-6EE4-4DE1-B996-C079CB2DC63B}"
EndProject
Project("{FAE04EC0-301F-11D3-BF4B-00C04F79EFBC}") = "Memoria.Caching.Redis", "src\Memoria.Caching.Redis\Memoria.Caching.Redis.csproj", "{B4B7BE42-6941-465A-9839-A343109DE806}"
EndProject
Project("{FAE04EC0-301F-11D3-BF4B-00C04F79EFBC}") = "OpenCqrs.Caching.Memory.Tests", "tests\OpenCqrs.Caching.Memory.Tests\OpenCqrs.Caching.Memory.Tests.csproj", "{979AC923-5219-4392-BC8D-A9644D4F65C2}"
EndProject
Project("{FAE04EC0-301F-11D3-BF4B-00C04F79EFBC}") = "OpenCqrs.Caching.Redis.Tests", "tests\OpenCqrs.Caching.Redis.Tests\OpenCqrs.Caching.Redis.Tests.csproj", "{C87BA4A0-DE14-46BF-82BB-584451A64A93}"
EndProject
Project("{FAE04EC0-301F-11D3-BF4B-00C04F79EFBC}") = "OpenCqrs.Examples.EventSourcing.Cosmos", "examples\OpenCqrs.Examples.EventSourcing.Cosmos\OpenCqrs.Examples.EventSourcing.Cosmos.csproj", "{F25BFDEF-7BD2-4B93-A893-B08DE7EE5CDD}"
EndProject
Project("{FAE04EC0-301F-11D3-BF4B-00C04F79EFBC}") = "OpenCqrs.Examples.Caching.Redis", "examples\OpenCqrs.Examples.Caching.Redis\OpenCqrs.Examples.Caching.Redis.csproj", "{B841B955-D8EE-43F9-B3AC-75355EF16405}"
EndProject
Project("{FAE04EC0-301F-11D3-BF4B-00C04F79EFBC}") = "OpenCqrs.Examples.Caching.Memory", "examples\OpenCqrs.Examples.Caching.Memory\OpenCqrs.Examples.Caching.Memory.csproj", "{376BBF21-7E58-45FF-BD05-3E70C7B9B052}"
EndProject
Project("{FAE04EC0-301F-11D3-BF4B-00C04F79EFBC}") = "Memoria.EventSourcing.Store.Cosmos.InMemory", "src\Memoria.EventSourcing.Store.Cosmos.InMemory\Memoria.EventSourcing.Store.Cosmos.InMemory.csproj", "{CC231C0F-83E5-4481-BAAE-35407A415995}"
EndProject
Project("{FAE04EC0-301F-11D3-BF4B-00C04F79EFBC}") = "OpenCqrs.EventSourcing.Store.Tests", "tests\OpenCqrs.EventSourcing.Store.Tests\OpenCqrs.EventSourcing.Store.Tests.csproj", "{59236643-1C12-415A-8FB8-193A480DEA0D}"
EndProject
Project("{FAE04EC0-301F-11D3-BF4B-00C04F79EFBC}") = "OpenCqrs.EventSourcing.Store.Cosmos.InMemory.Tests", "tests\OpenCqrs.EventSourcing.Store.Cosmos.InMemory.Tests\OpenCqrs.EventSourcing.Store.Cosmos.InMemory.Tests.csproj", "{4E0425ED-5C1B-4B4C-8AFE-55ECE72F50A4}"
EndProject
Global
	GlobalSection(SolutionConfigurationPlatforms) = preSolution
		Debug|Any CPU = Debug|Any CPU
		Release|Any CPU = Release|Any CPU
	EndGlobalSection
	GlobalSection(ProjectConfigurationPlatforms) = postSolution
		{1C87B8FB-2C9A-4F4D-8052-143209990BB2}.Debug|Any CPU.ActiveCfg = Debug|Any CPU
		{1C87B8FB-2C9A-4F4D-8052-143209990BB2}.Debug|Any CPU.Build.0 = Debug|Any CPU
		{1C87B8FB-2C9A-4F4D-8052-143209990BB2}.Release|Any CPU.ActiveCfg = Release|Any CPU
		{1C87B8FB-2C9A-4F4D-8052-143209990BB2}.Release|Any CPU.Build.0 = Release|Any CPU
		{329831D0-59DB-48B7-B83C-429969928B3C}.Debug|Any CPU.ActiveCfg = Debug|Any CPU
		{329831D0-59DB-48B7-B83C-429969928B3C}.Debug|Any CPU.Build.0 = Debug|Any CPU
		{329831D0-59DB-48B7-B83C-429969928B3C}.Release|Any CPU.ActiveCfg = Release|Any CPU
		{329831D0-59DB-48B7-B83C-429969928B3C}.Release|Any CPU.Build.0 = Release|Any CPU
		{BE446093-2B53-49DD-946C-C0CF377C3099}.Debug|Any CPU.ActiveCfg = Debug|Any CPU
		{BE446093-2B53-49DD-946C-C0CF377C3099}.Debug|Any CPU.Build.0 = Debug|Any CPU
		{BE446093-2B53-49DD-946C-C0CF377C3099}.Release|Any CPU.ActiveCfg = Release|Any CPU
		{BE446093-2B53-49DD-946C-C0CF377C3099}.Release|Any CPU.Build.0 = Release|Any CPU
		{207773D3-4028-4F76-A041-47FE5901CC0A}.Debug|Any CPU.ActiveCfg = Debug|Any CPU
		{207773D3-4028-4F76-A041-47FE5901CC0A}.Debug|Any CPU.Build.0 = Debug|Any CPU
		{207773D3-4028-4F76-A041-47FE5901CC0A}.Release|Any CPU.ActiveCfg = Release|Any CPU
		{207773D3-4028-4F76-A041-47FE5901CC0A}.Release|Any CPU.Build.0 = Release|Any CPU
		{814F9A66-1D1B-4F8E-9CA9-0D2E06AAD65F}.Debug|Any CPU.ActiveCfg = Debug|Any CPU
		{814F9A66-1D1B-4F8E-9CA9-0D2E06AAD65F}.Debug|Any CPU.Build.0 = Debug|Any CPU
		{814F9A66-1D1B-4F8E-9CA9-0D2E06AAD65F}.Release|Any CPU.ActiveCfg = Release|Any CPU
		{814F9A66-1D1B-4F8E-9CA9-0D2E06AAD65F}.Release|Any CPU.Build.0 = Release|Any CPU
		{E85BAC46-723D-4522-B7C4-A808C04DE658}.Debug|Any CPU.ActiveCfg = Debug|Any CPU
		{E85BAC46-723D-4522-B7C4-A808C04DE658}.Debug|Any CPU.Build.0 = Debug|Any CPU
		{E85BAC46-723D-4522-B7C4-A808C04DE658}.Release|Any CPU.ActiveCfg = Release|Any CPU
		{E85BAC46-723D-4522-B7C4-A808C04DE658}.Release|Any CPU.Build.0 = Release|Any CPU
		{0545A833-B9DF-4181-B33C-A27D0365A5D2}.Debug|Any CPU.ActiveCfg = Debug|Any CPU
		{0545A833-B9DF-4181-B33C-A27D0365A5D2}.Debug|Any CPU.Build.0 = Debug|Any CPU
		{0545A833-B9DF-4181-B33C-A27D0365A5D2}.Release|Any CPU.ActiveCfg = Release|Any CPU
		{0545A833-B9DF-4181-B33C-A27D0365A5D2}.Release|Any CPU.Build.0 = Release|Any CPU
		{6379279E-932F-41F3-BEFD-7FC432FB7E1F}.Debug|Any CPU.ActiveCfg = Debug|Any CPU
		{6379279E-932F-41F3-BEFD-7FC432FB7E1F}.Debug|Any CPU.Build.0 = Debug|Any CPU
		{6379279E-932F-41F3-BEFD-7FC432FB7E1F}.Release|Any CPU.ActiveCfg = Release|Any CPU
		{6379279E-932F-41F3-BEFD-7FC432FB7E1F}.Release|Any CPU.Build.0 = Release|Any CPU
		{22A820BB-DE18-4E53-88B8-C4CEF155A92B}.Debug|Any CPU.ActiveCfg = Debug|Any CPU
		{22A820BB-DE18-4E53-88B8-C4CEF155A92B}.Debug|Any CPU.Build.0 = Debug|Any CPU
		{22A820BB-DE18-4E53-88B8-C4CEF155A92B}.Release|Any CPU.ActiveCfg = Release|Any CPU
		{22A820BB-DE18-4E53-88B8-C4CEF155A92B}.Release|Any CPU.Build.0 = Release|Any CPU
		{744D2845-3DF6-4132-BE50-4C5D676C3A27}.Debug|Any CPU.ActiveCfg = Debug|Any CPU
		{744D2845-3DF6-4132-BE50-4C5D676C3A27}.Debug|Any CPU.Build.0 = Debug|Any CPU
		{744D2845-3DF6-4132-BE50-4C5D676C3A27}.Release|Any CPU.ActiveCfg = Release|Any CPU
		{744D2845-3DF6-4132-BE50-4C5D676C3A27}.Release|Any CPU.Build.0 = Release|Any CPU
		{FD3E4A49-AF1B-4C08-9C36-85633677FF9B}.Debug|Any CPU.ActiveCfg = Debug|Any CPU
		{FD3E4A49-AF1B-4C08-9C36-85633677FF9B}.Debug|Any CPU.Build.0 = Debug|Any CPU
		{FD3E4A49-AF1B-4C08-9C36-85633677FF9B}.Release|Any CPU.ActiveCfg = Release|Any CPU
		{FD3E4A49-AF1B-4C08-9C36-85633677FF9B}.Release|Any CPU.Build.0 = Release|Any CPU
		{453AB943-8F9D-40A3-B6E1-F99C35B10C9A}.Debug|Any CPU.ActiveCfg = Debug|Any CPU
		{453AB943-8F9D-40A3-B6E1-F99C35B10C9A}.Debug|Any CPU.Build.0 = Debug|Any CPU
		{453AB943-8F9D-40A3-B6E1-F99C35B10C9A}.Release|Any CPU.ActiveCfg = Release|Any CPU
		{453AB943-8F9D-40A3-B6E1-F99C35B10C9A}.Release|Any CPU.Build.0 = Release|Any CPU
		{9D967871-A77B-4875-95ED-2C57FF6D0098}.Debug|Any CPU.ActiveCfg = Debug|Any CPU
		{9D967871-A77B-4875-95ED-2C57FF6D0098}.Debug|Any CPU.Build.0 = Debug|Any CPU
		{9D967871-A77B-4875-95ED-2C57FF6D0098}.Release|Any CPU.ActiveCfg = Release|Any CPU
		{9D967871-A77B-4875-95ED-2C57FF6D0098}.Release|Any CPU.Build.0 = Release|Any CPU
		{B4D67082-4D10-4B6A-B50C-A01D59CD74CA}.Debug|Any CPU.ActiveCfg = Debug|Any CPU
		{B4D67082-4D10-4B6A-B50C-A01D59CD74CA}.Debug|Any CPU.Build.0 = Debug|Any CPU
		{B4D67082-4D10-4B6A-B50C-A01D59CD74CA}.Release|Any CPU.ActiveCfg = Release|Any CPU
		{B4D67082-4D10-4B6A-B50C-A01D59CD74CA}.Release|Any CPU.Build.0 = Release|Any CPU
		{A829777C-D893-408C-B8D2-186957147AD5}.Debug|Any CPU.ActiveCfg = Debug|Any CPU
		{A829777C-D893-408C-B8D2-186957147AD5}.Debug|Any CPU.Build.0 = Debug|Any CPU
		{A829777C-D893-408C-B8D2-186957147AD5}.Release|Any CPU.ActiveCfg = Release|Any CPU
		{A829777C-D893-408C-B8D2-186957147AD5}.Release|Any CPU.Build.0 = Release|Any CPU
		{F435C0FA-A545-4455-BED5-835C18E75D0D}.Debug|Any CPU.ActiveCfg = Debug|Any CPU
		{F435C0FA-A545-4455-BED5-835C18E75D0D}.Debug|Any CPU.Build.0 = Debug|Any CPU
		{F435C0FA-A545-4455-BED5-835C18E75D0D}.Release|Any CPU.ActiveCfg = Release|Any CPU
		{F435C0FA-A545-4455-BED5-835C18E75D0D}.Release|Any CPU.Build.0 = Release|Any CPU
		{9E9B2583-D31F-448A-8176-0423ADFC003C}.Debug|Any CPU.ActiveCfg = Debug|Any CPU
		{9E9B2583-D31F-448A-8176-0423ADFC003C}.Debug|Any CPU.Build.0 = Debug|Any CPU
		{9E9B2583-D31F-448A-8176-0423ADFC003C}.Release|Any CPU.ActiveCfg = Release|Any CPU
		{9E9B2583-D31F-448A-8176-0423ADFC003C}.Release|Any CPU.Build.0 = Release|Any CPU
		{45885E26-6EE4-4DE1-B996-C079CB2DC63B}.Debug|Any CPU.ActiveCfg = Debug|Any CPU
		{45885E26-6EE4-4DE1-B996-C079CB2DC63B}.Debug|Any CPU.Build.0 = Debug|Any CPU
		{45885E26-6EE4-4DE1-B996-C079CB2DC63B}.Release|Any CPU.ActiveCfg = Release|Any CPU
		{45885E26-6EE4-4DE1-B996-C079CB2DC63B}.Release|Any CPU.Build.0 = Release|Any CPU
		{B4B7BE42-6941-465A-9839-A343109DE806}.Debug|Any CPU.ActiveCfg = Debug|Any CPU
		{B4B7BE42-6941-465A-9839-A343109DE806}.Debug|Any CPU.Build.0 = Debug|Any CPU
		{B4B7BE42-6941-465A-9839-A343109DE806}.Release|Any CPU.ActiveCfg = Release|Any CPU
		{B4B7BE42-6941-465A-9839-A343109DE806}.Release|Any CPU.Build.0 = Release|Any CPU
		{979AC923-5219-4392-BC8D-A9644D4F65C2}.Debug|Any CPU.ActiveCfg = Debug|Any CPU
		{979AC923-5219-4392-BC8D-A9644D4F65C2}.Debug|Any CPU.Build.0 = Debug|Any CPU
		{979AC923-5219-4392-BC8D-A9644D4F65C2}.Release|Any CPU.ActiveCfg = Release|Any CPU
		{979AC923-5219-4392-BC8D-A9644D4F65C2}.Release|Any CPU.Build.0 = Release|Any CPU
		{C87BA4A0-DE14-46BF-82BB-584451A64A93}.Debug|Any CPU.ActiveCfg = Debug|Any CPU
		{C87BA4A0-DE14-46BF-82BB-584451A64A93}.Debug|Any CPU.Build.0 = Debug|Any CPU
		{C87BA4A0-DE14-46BF-82BB-584451A64A93}.Release|Any CPU.ActiveCfg = Release|Any CPU
		{C87BA4A0-DE14-46BF-82BB-584451A64A93}.Release|Any CPU.Build.0 = Release|Any CPU
		{F25BFDEF-7BD2-4B93-A893-B08DE7EE5CDD}.Debug|Any CPU.ActiveCfg = Debug|Any CPU
		{F25BFDEF-7BD2-4B93-A893-B08DE7EE5CDD}.Debug|Any CPU.Build.0 = Debug|Any CPU
		{F25BFDEF-7BD2-4B93-A893-B08DE7EE5CDD}.Release|Any CPU.ActiveCfg = Release|Any CPU
		{F25BFDEF-7BD2-4B93-A893-B08DE7EE5CDD}.Release|Any CPU.Build.0 = Release|Any CPU
		{B841B955-D8EE-43F9-B3AC-75355EF16405}.Debug|Any CPU.ActiveCfg = Debug|Any CPU
		{B841B955-D8EE-43F9-B3AC-75355EF16405}.Debug|Any CPU.Build.0 = Debug|Any CPU
		{B841B955-D8EE-43F9-B3AC-75355EF16405}.Release|Any CPU.ActiveCfg = Release|Any CPU
		{B841B955-D8EE-43F9-B3AC-75355EF16405}.Release|Any CPU.Build.0 = Release|Any CPU
		{376BBF21-7E58-45FF-BD05-3E70C7B9B052}.Debug|Any CPU.ActiveCfg = Debug|Any CPU
		{376BBF21-7E58-45FF-BD05-3E70C7B9B052}.Debug|Any CPU.Build.0 = Debug|Any CPU
		{376BBF21-7E58-45FF-BD05-3E70C7B9B052}.Release|Any CPU.ActiveCfg = Release|Any CPU
		{376BBF21-7E58-45FF-BD05-3E70C7B9B052}.Release|Any CPU.Build.0 = Release|Any CPU
		{CC231C0F-83E5-4481-BAAE-35407A415995}.Debug|Any CPU.ActiveCfg = Debug|Any CPU
		{CC231C0F-83E5-4481-BAAE-35407A415995}.Debug|Any CPU.Build.0 = Debug|Any CPU
		{CC231C0F-83E5-4481-BAAE-35407A415995}.Release|Any CPU.ActiveCfg = Release|Any CPU
		{CC231C0F-83E5-4481-BAAE-35407A415995}.Release|Any CPU.Build.0 = Release|Any CPU
		{59236643-1C12-415A-8FB8-193A480DEA0D}.Debug|Any CPU.ActiveCfg = Debug|Any CPU
		{59236643-1C12-415A-8FB8-193A480DEA0D}.Debug|Any CPU.Build.0 = Debug|Any CPU
		{59236643-1C12-415A-8FB8-193A480DEA0D}.Release|Any CPU.ActiveCfg = Release|Any CPU
		{59236643-1C12-415A-8FB8-193A480DEA0D}.Release|Any CPU.Build.0 = Release|Any CPU
		{4E0425ED-5C1B-4B4C-8AFE-55ECE72F50A4}.Debug|Any CPU.ActiveCfg = Debug|Any CPU
		{4E0425ED-5C1B-4B4C-8AFE-55ECE72F50A4}.Debug|Any CPU.Build.0 = Debug|Any CPU
		{4E0425ED-5C1B-4B4C-8AFE-55ECE72F50A4}.Release|Any CPU.ActiveCfg = Release|Any CPU
		{4E0425ED-5C1B-4B4C-8AFE-55ECE72F50A4}.Release|Any CPU.Build.0 = Release|Any CPU
	EndGlobalSection
	GlobalSection(SolutionProperties) = preSolution
		HideSolutionNode = FALSE
	EndGlobalSection
	GlobalSection(NestedProjects) = preSolution
		{1C87B8FB-2C9A-4F4D-8052-143209990BB2} = {90721148-631D-47AB-845C-8472AE48BC89}
		{329831D0-59DB-48B7-B83C-429969928B3C} = {8E88F39E-B2DF-4122-821F-0EECC7343773}
		{BE446093-2B53-49DD-946C-C0CF377C3099} = {90721148-631D-47AB-845C-8472AE48BC89}
		{207773D3-4028-4F76-A041-47FE5901CC0A} = {8E88F39E-B2DF-4122-821F-0EECC7343773}
		{814F9A66-1D1B-4F8E-9CA9-0D2E06AAD65F} = {90721148-631D-47AB-845C-8472AE48BC89}
		{E85BAC46-723D-4522-B7C4-A808C04DE658} = {90721148-631D-47AB-845C-8472AE48BC89}
		{0545A833-B9DF-4181-B33C-A27D0365A5D2} = {90721148-631D-47AB-845C-8472AE48BC89}
		{6379279E-932F-41F3-BEFD-7FC432FB7E1F} = {DFBB5E4C-0C58-497D-A013-0DC8312B7192}
		{22A820BB-DE18-4E53-88B8-C4CEF155A92B} = {8E88F39E-B2DF-4122-821F-0EECC7343773}
		{744D2845-3DF6-4132-BE50-4C5D676C3A27} = {90721148-631D-47AB-845C-8472AE48BC89}
		{FD3E4A49-AF1B-4C08-9C36-85633677FF9B} = {90721148-631D-47AB-845C-8472AE48BC89}
		{453AB943-8F9D-40A3-B6E1-F99C35B10C9A} = {90721148-631D-47AB-845C-8472AE48BC89}
		{9D967871-A77B-4875-95ED-2C57FF6D0098} = {8E88F39E-B2DF-4122-821F-0EECC7343773}
		{B4D67082-4D10-4B6A-B50C-A01D59CD74CA} = {8E88F39E-B2DF-4122-821F-0EECC7343773}
		{A829777C-D893-408C-B8D2-186957147AD5} = {DFBB5E4C-0C58-497D-A013-0DC8312B7192}
		{F435C0FA-A545-4455-BED5-835C18E75D0D} = {8E88F39E-B2DF-4122-821F-0EECC7343773}
		{9E9B2583-D31F-448A-8176-0423ADFC003C} = {DFBB5E4C-0C58-497D-A013-0DC8312B7192}
		{45885E26-6EE4-4DE1-B996-C079CB2DC63B} = {90721148-631D-47AB-845C-8472AE48BC89}
		{B4B7BE42-6941-465A-9839-A343109DE806} = {90721148-631D-47AB-845C-8472AE48BC89}
		{979AC923-5219-4392-BC8D-A9644D4F65C2} = {8E88F39E-B2DF-4122-821F-0EECC7343773}
		{C87BA4A0-DE14-46BF-82BB-584451A64A93} = {8E88F39E-B2DF-4122-821F-0EECC7343773}
		{F25BFDEF-7BD2-4B93-A893-B08DE7EE5CDD} = {DFBB5E4C-0C58-497D-A013-0DC8312B7192}
		{B841B955-D8EE-43F9-B3AC-75355EF16405} = {DFBB5E4C-0C58-497D-A013-0DC8312B7192}
		{376BBF21-7E58-45FF-BD05-3E70C7B9B052} = {DFBB5E4C-0C58-497D-A013-0DC8312B7192}
		{CC231C0F-83E5-4481-BAAE-35407A415995} = {90721148-631D-47AB-845C-8472AE48BC89}
		{59236643-1C12-415A-8FB8-193A480DEA0D} = {8E88F39E-B2DF-4122-821F-0EECC7343773}
		{4E0425ED-5C1B-4B4C-8AFE-55ECE72F50A4} = {8E88F39E-B2DF-4122-821F-0EECC7343773}
	EndGlobalSection
	GlobalSection(ExtensibilityGlobals) = postSolution
		SolutionGuid = {154500C3-9A83-4F15-9D78-E1C285AD80AE}
	EndGlobalSection
EndGlobal
